Microsoft Visual Studio Solution File, Format Version 12.00
# Visual Studio Version 17
VisualStudioVersion = 17.5.2.0
MinimumVisualStudioVersion = 10.0.40219.1
EndProject
Global
	GlobalSection(SolutionConfigurationPlatforms) = preSolution
		Debug|Any CPU = Debug|Any CPU
		Release|Any CPU = Release|Any CPU
	EndGlobalSection
	GlobalSection(ProjectConfigurationPlatforms) = postSolution
		{A2C50383-B1CE-0378-568E-D0B80A0FCA91}.Debug|Any CPU.ActiveCfg = Debug|Any CPU
		{A2C50383-B1CE-0378-568E-D0B80A0FCA91}.Debug|Any CPU.Build.0 = Debug|Any CPU
		{A2C50383-B1CE-0378-568E-D0B80A0FCA91}.Release|Any CPU.ActiveCfg = Release|Any CPU
		{A2C50383-B1CE-0378-568E-D0B80A0FCA91}.Release|Any CPU.Build.0 = Release|Any CPU
	EndGlobalSection
	GlobalSection(SolutionProperties) = preSolution
		HideSolutionNode = FALSE
	EndGlobalSection
	GlobalSection(ExtensibilityGlobals) = postSolution
		SolutionGuid = {B58CCF7F-801E-4F62-8647-53BC57501E15}
	EndGlobalSection
EndGlobal
